
Microsoft Visual Studio Solution File, Format Version 12.00
# Visual Studio Version 17
VisualStudioVersion = 17.4.33213.308
MinimumVisualStudioVersion = 10.0.40219.1
Project("{888888A0-9F3D-457C-B088-3A5042F75D52}") = "py", "py\py.pyproj", "{31A23A6D-47B3-4753-A8DE-77F2EE3DC46C}"
EndProject
Global
	GlobalSection(SolutionConfigurationPlatforms) = preSolution
		Debug|Any CPU = Debug|Any CPU
		Release|Any CPU = Release|Any CPU
	EndGlobalSection
	GlobalSection(ProjectConfigurationPlatforms) = postSolution
		{31A23A6D-47B3-4753-A8DE-77F2EE3DC46C}.Debug|Any CPU.ActiveCfg = Debug|Any CPU
		{31A23A6D-47B3-4753-A8DE-77F2EE3DC46C}.Release|Any CPU.ActiveCfg = Release|Any CPU
	EndGlobalSection
	GlobalSection(SolutionProperties) = preSolution
		HideSolutionNode = FALSE
	EndGlobalSection
	GlobalSection(ExtensibilityGlobals) = postSolution
		SolutionGuid = {EF5C2D68-F163-430A-B3FB-4A81B65ED8FC}
	EndGlobalSection
EndGlobal
